
Microsoft Visual Studio Solution File, Format Version 12.00
# Visual Studio Version 16
VisualStudioVersion = 16.0.29324.140
MinimumVisualStudioVersion = 10.0.40219.1
Project("{9A19103F-16F7-4668-BE54-9A1E7A4F7556}") = "ACC.Services.Customers", "src\services\customers\ACC.Services.Customers.csproj", "{54419248-6C79-4364-8DA9-D47AB1EBB047}"
EndProject
Project("{9A19103F-16F7-4668-BE54-9A1E7A4F7556}") = "ACC.Services.Identity", "src\services\identity\ACC.Services.Identity.csproj", "{4E9F1E32-DAFD-4901-A0F6-9D0C32075A20}"
EndProject
Project("{9A19103F-16F7-4668-BE54-9A1E7A4F7556}") = "ACC.Services.Vehicles", "src\services\vehicles\ACC.Services.Vehicles.csproj", "{75FE21DF-365A-4AA0-92C3-FDA70890BB9C}"
EndProject
Project("{9A19103F-16F7-4668-BE54-9A1E7A4F7556}") = "ACC.Common", "src\common\ACC.Common.csproj", "{801B9B63-0687-4E2F-876E-C26E3D95F8B6}"
EndProject
Project("{9A19103F-16F7-4668-BE54-9A1E7A4F7556}") = "ACC.Persistence.Mongo", "src\persistence\mongo\ACC.Persistence.Mongo.csproj", "{4DC87F69-5ED3-4961-8328-5D5939DBEC70}"
EndProject
Project("{9A19103F-16F7-4668-BE54-9A1E7A4F7556}") = "ACC.Messaging.RabbitMq", "src\messaging\rabbitMq\ACC.Messaging.RabbitMq.csproj", "{F5982EFE-BD31-47F9-AAC6-03F98DD7A367}"
EndProject
Project("{9A19103F-16F7-4668-BE54-9A1E7A4F7556}") = "ACC.Services.VehicleConnectivity", "src\services\connectivity\ACC.Services.VehicleConnectivity.csproj", "{538A4D27-F772-475C-A604-2C87217F5F96}"
EndProject
Project("{2150E333-8FDC-42A3-9474-1A3956D46DE8}") = "tests", "tests", "{A870DE37-3552-4DE5-B5F2-516D8B4B6880}"
EndProject
Project("{9A19103F-16F7-4668-BE54-9A1E7A4F7556}") = "ACC.Services.Vehicles.UnitTests", "tests\ACC.Services.Vehicles.UnitTests\ACC.Services.Vehicles.UnitTests.csproj", "{9FB6F5BE-0187-4438-994E-A6BF5427A260}"
EndProject
Project("{9A19103F-16F7-4668-BE54-9A1E7A4F7556}") = "ACC.Services.Tracking", "src\Services\tracking\ACC.Services.Tracking.csproj", "{8846AE55-71C1-4D17-B88B-993CBDD5CAB1}"
EndProject
Project("{9A19103F-16F7-4668-BE54-9A1E7A4F7556}") = "ACC.Services.Customers.UnitTests", "tests\ACC.Services.Customers.UnitTests\ACC.Services.Customers.UnitTests.csproj", "{AC3A10E6-B846-44C1-BA6A-FA18AC8B987C}"
EndProject
Project("{FAE04EC0-301F-11D3-BF4B-00C04F79EFBC}") = "ACC.Services.Tracking.UnitTests", "tests\ACC.Services.Tracking.UnitTests\ACC.Services.Tracking.UnitTests.csproj", "{C61350E7-188A-4A70-9804-29118DB7D74E}"
EndProject
Global
	GlobalSection(SolutionConfigurationPlatforms) = preSolution
		Debug|Any CPU = Debug|Any CPU
		Release|Any CPU = Release|Any CPU
	EndGlobalSection
	GlobalSection(ProjectConfigurationPlatforms) = postSolution
		{54419248-6C79-4364-8DA9-D47AB1EBB047}.Debug|Any CPU.ActiveCfg = Debug|Any CPU
		{54419248-6C79-4364-8DA9-D47AB1EBB047}.Debug|Any CPU.Build.0 = Debug|Any CPU
		{54419248-6C79-4364-8DA9-D47AB1EBB047}.Release|Any CPU.ActiveCfg = Release|Any CPU
		{54419248-6C79-4364-8DA9-D47AB1EBB047}.Release|Any CPU.Build.0 = Release|Any CPU
		{4E9F1E32-DAFD-4901-A0F6-9D0C32075A20}.Debug|Any CPU.ActiveCfg = Debug|Any CPU
		{4E9F1E32-DAFD-4901-A0F6-9D0C32075A20}.Debug|Any CPU.Build.0 = Debug|Any CPU
		{4E9F1E32-DAFD-4901-A0F6-9D0C32075A20}.Release|Any CPU.ActiveCfg = Release|Any CPU
		{4E9F1E32-DAFD-4901-A0F6-9D0C32075A20}.Release|Any CPU.Build.0 = Release|Any CPU
		{75FE21DF-365A-4AA0-92C3-FDA70890BB9C}.Debug|Any CPU.ActiveCfg = Debug|Any CPU
		{75FE21DF-365A-4AA0-92C3-FDA70890BB9C}.Debug|Any CPU.Build.0 = Debug|Any CPU
		{75FE21DF-365A-4AA0-92C3-FDA70890BB9C}.Release|Any CPU.ActiveCfg = Release|Any CPU
		{75FE21DF-365A-4AA0-92C3-FDA70890BB9C}.Release|Any CPU.Build.0 = Release|Any CPU
		{801B9B63-0687-4E2F-876E-C26E3D95F8B6}.Debug|Any CPU.ActiveCfg = Debug|Any CPU
		{801B9B63-0687-4E2F-876E-C26E3D95F8B6}.Debug|Any CPU.Build.0 = Debug|Any CPU
		{801B9B63-0687-4E2F-876E-C26E3D95F8B6}.Release|Any CPU.ActiveCfg = Release|Any CPU
		{801B9B63-0687-4E2F-876E-C26E3D95F8B6}.Release|Any CPU.Build.0 = Release|Any CPU
		{4DC87F69-5ED3-4961-8328-5D5939DBEC70}.Debug|Any CPU.ActiveCfg = Debug|Any CPU
		{4DC87F69-5ED3-4961-8328-5D5939DBEC70}.Debug|Any CPU.Build.0 = Debug|Any CPU
		{4DC87F69-5ED3-4961-8328-5D5939DBEC70}.Release|Any CPU.ActiveCfg = Release|Any CPU
		{4DC87F69-5ED3-4961-8328-5D5939DBEC70}.Release|Any CPU.Build.0 = Release|Any CPU
		{F5982EFE-BD31-47F9-AAC6-03F98DD7A367}.Debug|Any CPU.ActiveCfg = Debug|Any CPU
		{F5982EFE-BD31-47F9-AAC6-03F98DD7A367}.Debug|Any CPU.Build.0 = Debug|Any CPU
		{F5982EFE-BD31-47F9-AAC6-03F98DD7A367}.Release|Any CPU.ActiveCfg = Release|Any CPU
		{F5982EFE-BD31-47F9-AAC6-03F98DD7A367}.Release|Any CPU.Build.0 = Release|Any CPU
		{538A4D27-F772-475C-A604-2C87217F5F96}.Debug|Any CPU.ActiveCfg = Debug|Any CPU
		{538A4D27-F772-475C-A604-2C87217F5F96}.Debug|Any CPU.Build.0 = Debug|Any CPU
		{538A4D27-F772-475C-A604-2C87217F5F96}.Release|Any CPU.ActiveCfg = Release|Any CPU
		{538A4D27-F772-475C-A604-2C87217F5F96}.Release|Any CPU.Build.0 = Release|Any CPU
		{9FB6F5BE-0187-4438-994E-A6BF5427A260}.Debug|Any CPU.ActiveCfg = Debug|Any CPU
		{9FB6F5BE-0187-4438-994E-A6BF5427A260}.Debug|Any CPU.Build.0 = Debug|Any CPU
		{9FB6F5BE-0187-4438-994E-A6BF5427A260}.Release|Any CPU.ActiveCfg = Release|Any CPU
		{9FB6F5BE-0187-4438-994E-A6BF5427A260}.Release|Any CPU.Build.0 = Release|Any CPU
		{8846AE55-71C1-4D17-B88B-993CBDD5CAB1}.Debug|Any CPU.ActiveCfg = Debug|Any CPU
		{8846AE55-71C1-4D17-B88B-993CBDD5CAB1}.Debug|Any CPU.Build.0 = Debug|Any CPU
		{8846AE55-71C1-4D17-B88B-993CBDD5CAB1}.Release|Any CPU.ActiveCfg = Release|Any CPU
		{8846AE55-71C1-4D17-B88B-993CBDD5CAB1}.Release|Any CPU.Build.0 = Release|Any CPU
		{AC3A10E6-B846-44C1-BA6A-FA18AC8B987C}.Debug|Any CPU.ActiveCfg = Debug|Any CPU
		{AC3A10E6-B846-44C1-BA6A-FA18AC8B987C}.Debug|Any CPU.Build.0 = Debug|Any CPU
		{AC3A10E6-B846-44C1-BA6A-FA18AC8B987C}.Release|Any CPU.ActiveCfg = Release|Any CPU
		{AC3A10E6-B846-44C1-BA6A-FA18AC8B987C}.Release|Any CPU.Build.0 = Release|Any CPU
		{C61350E7-188A-4A70-9804-29118DB7D74E}.Debug|Any CPU.ActiveCfg = Debug|Any CPU
		{C61350E7-188A-4A70-9804-29118DB7D74E}.Debug|Any CPU.Build.0 = Debug|Any CPU
		{C61350E7-188A-4A70-9804-29118DB7D74E}.Release|Any CPU.ActiveCfg = Release|Any CPU
		{C61350E7-188A-4A70-9804-29118DB7D74E}.Release|Any CPU.Build.0 = Release|Any CPU
	EndGlobalSection
	GlobalSection(SolutionProperties) = preSolution
		HideSolutionNode = FALSE
	EndGlobalSection
	GlobalSection(NestedProjects) = preSolution
		{9FB6F5BE-0187-4438-994E-A6BF5427A260} = {A870DE37-3552-4DE5-B5F2-516D8B4B6880}
		{AC3A10E6-B846-44C1-BA6A-FA18AC8B987C} = {A870DE37-3552-4DE5-B5F2-516D8B4B6880}
		{C61350E7-188A-4A70-9804-29118DB7D74E} = {A870DE37-3552-4DE5-B5F2-516D8B4B6880}
	EndGlobalSection
	GlobalSection(ExtensibilityGlobals) = postSolution
		SolutionGuid = {6FDF7DFD-7FD1-444B-96C0-91140A880287}
	EndGlobalSection
EndGlobal
